
Microsoft Visual Studio Solution File, Format Version 12.00
# Visual Studio Version 17
VisualStudioVersion = 17.8.34330.188
MinimumVisualStudioVersion = 10.0.40219.1
Project("{FAE04EC0-301F-11D3-BF4B-00C04F79EFBC}") = "ColorSearch", "ColorSearch.csproj", "{D5EB2E50-4296-44B7-8D89-8BBDC37584EF}"
EndProject
Global
	GlobalSection(SolutionConfigurationPlatforms) = preSolution
		Debug|Any CPU = Debug|Any CPU
		Release|Any CPU = Release|Any CPU
	EndGlobalSection
	GlobalSection(ProjectConfigurationPlatforms) = postSolution
		{D5EB2E50-4296-44B7-8D89-8BBDC37584EF}.Debug|Any CPU.ActiveCfg = Debug|Any CPU
		{D5EB2E50-4296-44B7-8D89-8BBDC37584EF}.Debug|Any CPU.Build.0 = Debug|Any CPU
		{D5EB2E50-4296-44B7-8D89-8BBDC37584EF}.Release|Any CPU.ActiveCfg = Release|Any CPU
		{D5EB2E50-4296-44B7-8D89-8BBDC37584EF}.Release|Any CPU.Build.0 = Release|Any CPU
	EndGlobalSection
	GlobalSection(SolutionProperties) = preSolution
		HideSolutionNode = FALSE
	EndGlobalSection
	GlobalSection(ExtensibilityGlobals) = postSolution
		SolutionGuid = {DF41E419-DD26-4A62-BD84-AE16B82C0A97}
	EndGlobalSection
EndGlobal
